
Microsoft Visual Studio Solution File, Format Version 12.00
# Visual Studio 15
VisualStudioVersion = 15.0.26730.3
MinimumVisualStudioVersion = 10.0.40219.1
Project("{FAE04EC0-301F-11D3-BF4B-00C04F79EFBC}") = "WebCore2", "WebCore2\WebCore2.csproj", "{D4BCC09D-19A0-4BDB-BACB-F5F470D6FD73}"
EndProject
Global
	GlobalSection(SolutionConfigurationPlatforms) = preSolution
		Debug|Any CPU = Debug|Any CPU
		Release|Any CPU = Release|Any CPU
	EndGlobalSection
	GlobalSection(ProjectConfigurationPlatforms) = postSolution
		{D4BCC09D-19A0-4BDB-BACB-F5F470D6FD73}.Debug|Any CPU.ActiveCfg = Debug|Any CPU
		{D4BCC09D-19A0-4BDB-BACB-F5F470D6FD73}.Debug|Any CPU.Build.0 = Debug|Any CPU
		{D4BCC09D-19A0-4BDB-BACB-F5F470D6FD73}.Release|Any CPU.ActiveCfg = Release|Any CPU
		{D4BCC09D-19A0-4BDB-BACB-F5F470D6FD73}.Release|Any CPU.Build.0 = Release|Any CPU
	EndGlobalSection
	GlobalSection(SolutionProperties) = preSolution
		HideSolutionNode = FALSE
	EndGlobalSection
	GlobalSection(ExtensibilityGlobals) = postSolution
		SolutionGuid = {2A988DA1-17BD-4B5A-AF6F-CF2C6F509A53}
	EndGlobalSection
EndGlobal
